
Microsoft Visual Studio Solution File, Format Version 12.00
# Visual Studio Version 17
VisualStudioVersion = 17.0.31903.59
MinimumVisualStudioVersion = 10.0.40219.1
Project("{2150E333-8FDC-42A3-9474-1A3956D46DE8}") = "src", "src", "{827E0CD3-B72D-47B6-A68D-7590B98EB39B}"
EndProject
Project("{FAE04EC0-301F-11D3-BF4B-00C04F79EFBC}") = "MovementIntel.Common", "src\MovementIntel.Common\MovementIntel.Common.csproj", "{1E8A8E30-C48B-41B4-8687-4AEA54ED8C6B}"
EndProject
Project("{FAE04EC0-301F-11D3-BF4B-00C04F79EFBC}") = "MovementIntel.Domain", "src\MovementIntel.Domain\MovementIntel.Domain.csproj", "{01364A42-6986-41B6-8D71-CC933CD6EBA2}"
EndProject
Project("{FAE04EC0-301F-11D3-BF4B-00C04F79EFBC}") = "MovementIntel.Processor", "src\MovementIntel.Processor\MovementIntel.Processor.csproj", "{93BEB334-5405-4699-9472-63A9169A640F}"
EndProject
Project("{FAE04EC0-301F-11D3-BF4B-00C04F79EFBC}") = "MovementIntel.Tests", "tests\MovementIntel.Tests\MovementIntel.Tests.csproj", "{43044F61-5057-4BBD-9439-8DE8D9B6BC15}"
EndProject
Global
	GlobalSection(SolutionConfigurationPlatforms) = preSolution
		Debug|Any CPU = Debug|Any CPU
		Debug|x64 = Debug|x64
		Debug|x86 = Debug|x86
		Release|Any CPU = Release|Any CPU
		Release|x64 = Release|x64
		Release|x86 = Release|x86
	EndGlobalSection
	GlobalSection(ProjectConfigurationPlatforms) = postSolution
		{1E8A8E30-C48B-41B4-8687-4AEA54ED8C6B}.Debug|Any CPU.ActiveCfg = Debug|Any CPU
		{1E8A8E30-C48B-41B4-8687-4AEA54ED8C6B}.Debug|Any CPU.Build.0 = Debug|Any CPU
		{1E8A8E30-C48B-41B4-8687-4AEA54ED8C6B}.Debug|x64.ActiveCfg = Debug|Any CPU
		{1E8A8E30-C48B-41B4-8687-4AEA54ED8C6B}.Debug|x64.Build.0 = Debug|Any CPU
		{1E8A8E30-C48B-41B4-8687-4AEA54ED8C6B}.Debug|x86.ActiveCfg = Debug|Any CPU
		{1E8A8E30-C48B-41B4-8687-4AEA54ED8C6B}.Debug|x86.Build.0 = Debug|Any CPU
		{1E8A8E30-C48B-41B4-8687-4AEA54ED8C6B}.Release|Any CPU.ActiveCfg = Release|Any CPU
		{1E8A8E30-C48B-41B4-8687-4AEA54ED8C6B}.Release|Any CPU.Build.0 = Release|Any CPU
		{1E8A8E30-C48B-41B4-8687-4AEA54ED8C6B}.Release|x64.ActiveCfg = Release|Any CPU
		{1E8A8E30-C48B-41B4-8687-4AEA54ED8C6B}.Release|x64.Build.0 = Release|Any CPU
		{1E8A8E30-C48B-41B4-8687-4AEA54ED8C6B}.Release|x86.ActiveCfg = Release|Any CPU
		{1E8A8E30-C48B-41B4-8687-4AEA54ED8C6B}.Release|x86.Build.0 = Release|Any CPU
		{01364A42-6986-41B6-8D71-CC933CD6EBA2}.Debug|Any CPU.ActiveCfg = Debug|Any CPU
		{01364A42-6986-41B6-8D71-CC933CD6EBA2}.Debug|Any CPU.Build.0 = Debug|Any CPU
		{01364A42-6986-41B6-8D71-CC933CD6EBA2}.Debug|x64.ActiveCfg = Debug|Any CPU
		{01364A42-6986-41B6-8D71-CC933CD6EBA2}.Debug|x64.Build.0 = Debug|Any CPU
		{01364A42-6986-41B6-8D71-CC933CD6EBA2}.Debug|x86.ActiveCfg = Debug|Any CPU
		{01364A42-6986-41B6-8D71-CC933CD6EBA2}.Debug|x86.Build.0 = Debug|Any CPU
		{01364A42-6986-41B6-8D71-CC933CD6EBA2}.Release|Any CPU.ActiveCfg = Release|Any CPU
		{01364A42-6986-41B6-8D71-CC933CD6EBA2}.Release|Any CPU.Build.0 = Release|Any CPU
		{01364A42-6986-41B6-8D71-CC933CD6EBA2}.Release|x64.ActiveCfg = Release|Any CPU
		{01364A42-6986-41B6-8D71-CC933CD6EBA2}.Release|x64.Build.0 = Release|Any CPU
		{01364A42-6986-41B6-8D71-CC933CD6EBA2}.Release|x86.ActiveCfg = Release|Any CPU
		{01364A42-6986-41B6-8D71-CC933CD6EBA2}.Release|x86.Build.0 = Release|Any CPU
		{93BEB334-5405-4699-9472-63A9169A640F}.Debug|Any CPU.ActiveCfg = Debug|Any CPU
		{93BEB334-5405-4699-9472-63A9169A640F}.Debug|Any CPU.Build.0 = Debug|Any CPU
		{93BEB334-5405-4699-9472-63A9169A640F}.Debug|x64.ActiveCfg = Debug|Any CPU
		{93BEB334-5405-4699-9472-63A9169A640F}.Debug|x64.Build.0 = Debug|Any CPU
		{93BEB334-5405-4699-9472-63A9169A640F}.Debug|x86.ActiveCfg = Debug|Any CPU
		{93BEB334-5405-4699-9472-63A9169A640F}.Debug|x86.Build.0 = Debug|Any CPU
		{93BEB334-5405-4699-9472-63A9169A640F}.Release|Any CPU.ActiveCfg = Release|Any CPU
		{93BEB334-5405-4699-9472-63A9169A640F}.Release|Any CPU.Build.0 = Release|Any CPU
		{93BEB334-5405-4699-9472-63A9169A640F}.Release|x64.ActiveCfg = Release|Any CPU
		{93BEB334-5405-4699-9472-63A9169A640F}.Release|x64.Build.0 = Release|Any CPU
		{93BEB334-5405-4699-9472-63A9169A640F}.Release|x86.ActiveCfg = Release|Any CPU
		{93BEB334-5405-4699-9472-63A9169A640F}.Release|x86.Build.0 = Release|Any CPU
		{43044F61-5057-4BBD-9439-8DE8D9B6BC15}.Debug|Any CPU.ActiveCfg = Debug|Any CPU
		{43044F61-5057-4BBD-9439-8DE8D9B6BC15}.Debug|Any CPU.Build.0 = Debug|Any CPU
		{43044F61-5057-4BBD-9439-8DE8D9B6BC15}.Debug|x64.ActiveCfg = Debug|Any CPU
		{43044F61-5057-4BBD-9439-8DE8D9B6BC15}.Debug|x64.Build.0 = Debug|Any CPU
		{43044F61-5057-4BBD-9439-8DE8D9B6BC15}.Debug|x86.ActiveCfg = Debug|Any CPU
		{43044F61-5057-4BBD-9439-8DE8D9B6BC15}.Debug|x86.Build.0 = Debug|Any CPU
		{43044F61-5057-4BBD-9439-8DE8D9B6BC15}.Release|Any CPU.ActiveCfg = Release|Any CPU
		{43044F61-5057-4BBD-9439-8DE8D9B6BC15}.Release|Any CPU.Build.0 = Release|Any CPU
		{43044F61-5057-4BBD-9439-8DE8D9B6BC15}.Release|x64.ActiveCfg = Release|Any CPU
		{43044F61-5057-4BBD-9439-8DE8D9B6BC15}.Release|x64.Build.0 = Release|Any CPU
		{43044F61-5057-4BBD-9439-8DE8D9B6BC15}.Release|x86.ActiveCfg = Release|Any CPU
		{43044F61-5057-4BBD-9439-8DE8D9B6BC15}.Release|x86.Build.0 = Release|Any CPU
	EndGlobalSection
	GlobalSection(SolutionProperties) = preSolution
		HideSolutionNode = FALSE
	EndGlobalSection
	GlobalSection(NestedProjects) = preSolution
		{1E8A8E30-C48B-41B4-8687-4AEA54ED8C6B} = {827E0CD3-B72D-47B6-A68D-7590B98EB39B}
		{01364A42-6986-41B6-8D71-CC933CD6EBA2} = {827E0CD3-B72D-47B6-A68D-7590B98EB39B}
		{93BEB334-5405-4699-9472-63A9169A640F} = {827E0CD3-B72D-47B6-A68D-7590B98EB39B}
		{43044F61-5057-4BBD-9439-8DE8D9B6BC15} = {827E0CD3-B72D-47B6-A68D-7590B98EB39B}
	EndGlobalSection
EndGlobal
